// !$*UTF8*$!
{
	archiveVersion = 1;
	classes = {
	};
	objectVersion = 50;
	objects = {

/* Begin PBXBuildFile section */
		9DBBB870257B6552001F65BB /* AppDelegate.swift in Sources */ = {isa = PBXBuildFile; fileRef = 9DBBB86F257B6552001F65BB /* AppDelegate.swift */; };
		9DBBB872257B6552001F65BB /* SceneDelegate.swift in Sources */ = {isa = PBXBuildFile; fileRef = 9DBBB871257B6552001F65BB /* SceneDelegate.swift */; };
		9DBBB874257B6552001F65BB /* ContentView.swift in Sources */ = {isa = PBXBuildFile; fileRef = 9DBBB873257B6552001F65BB /* ContentView.swift */; };
		9DBBB877257B6552001F65BB /* Med_Easy.xcdatamodeld in Sources */ = {isa = PBXBuildFile; fileRef = 9DBBB875257B6552001F65BB /* Med_Easy.xcdatamodeld */; };
		9DBBB879257B6553001F65BB /* Assets.xcassets in Resources */ = {isa = PBXBuildFile; fileRef = 9DBBB878257B6553001F65BB /* Assets.xcassets */; };
		9DBBB87C257B6553001F65BB /* Preview Assets.xcassets in Resources */ = {isa = PBXBuildFile; fileRef = 9DBBB87B257B6553001F65BB /* Preview Assets.xcassets */; };
		9DBBB87F257B6553001F65BB /* LaunchScreen.storyboard in Resources */ = {isa = PBXBuildFile; fileRef = 9DBBB87D257B6553001F65BB /* LaunchScreen.storyboard */; };
		9DBBB889257B67CF001F65BB /* datamanager.swift in Sources */ = {isa = PBXBuildFile; fileRef = 9DBBB888257B67CF001F65BB /* datamanager.swift */; };
		9DBBB88E257B685D001F65BB /* NSManagesContext_Extensions.swift in Sources */ = {isa = PBXBuildFile; fileRef = 9DBBB88D257B685D001F65BB /* NSManagesContext_Extensions.swift */; };
/* End PBXBuildFile section */

/* Begin PBXFileReference section */
		9DBBB86C257B6552001F65BB /* Med_Easy.app */ = {isa = PBXFileReference; explicitFileType = wrapper.application; includeInIndex = 0; path = Med_Easy.app; sourceTree = BUILT_PRODUCTS_DIR; };
		9DBBB86F257B6552001F65BB /* AppDelegate.swift */ = {isa = PBXFileReference; lastKnownFileType = sourcecode.swift; path = AppDelegate.swift; sourceTree = "<group>"; };
		9DBBB871257B6552001F65BB /* SceneDelegate.swift */ = {isa = PBXFileReference; lastKnownFileType = sourcecode.swift; path = SceneDelegate.swift; sourceTree = "<group>"; };
		9DBBB873257B6552001F65BB /* ContentView.swift */ = {isa = PBXFileReference; lastKnownFileType = sourcecode.swift; path = ContentView.swift; sourceTree = "<group>"; };
		9DBBB876257B6552001F65BB /* Med_Easy.xcdatamodel */ = {isa = PBXFileReference; lastKnownFileType = wrapper.xcdatamodel; path = Med_Easy.xcdatamodel; sourceTree = "<group>"; };
		9DBBB878257B6553001F65BB /* Assets.xcassets */ = {isa = PBXFileReference; lastKnownFileType = folder.assetcatalog; path = Assets.xcassets; sourceTree = "<group>"; };
		9DBBB87B257B6553001F65BB /* Preview Assets.xcassets */ = {isa = PBXFileReference; lastKnownFileType = folder.assetcatalog; path = "Preview Assets.xcassets"; sourceTree = "<group>"; };
		9DBBB87E257B6553001F65BB /* Base */ = {isa = PBXFileReference; lastKnownFileType = file.storyboard; name = Base; path = Base.lproj/LaunchScreen.storyboard; sourceTree = "<group>"; };
		9DBBB880257B6553001F65BB /* Info.plist */ = {isa = PBXFileReference; lastKnownFileType = text.plist.xml; path = Info.plist; sourceTree = "<group>"; };
		9DBBB888257B67CF001F65BB /* datamanager.swift */ = {isa = PBXFileReference; lastKnownFileType = sourcecode.swift; path = datamanager.swift; sourceTree = "<group>"; };
		9DBBB88D257B685D001F65BB /* NSManagesContext_Extensions.swift */ = {isa = PBXFileReference; lastKnownFileType = sourcecode.swift; path = NSManagesContext_Extensions.swift; sourceTree = "<group>"; };
/* End PBXFileReference section */

/* Begin PBXFrameworksBuildPhase section */
		9DBBB869257B6552001F65BB /* Frameworks */ = {
			isa = PBXFrameworksBuildPhase;
			buildActionMask = 2147483647;
			files = (
			);
			runOnlyForDeploymentPostprocessing = 0;
		};
/* End PBXFrameworksBuildPhase section */

/* Begin PBXGroup section */
		9DBBB863257B6552001F65BB = {
			isa = PBXGroup;
			children = (
				9DBBB86E257B6552001F65BB /* Med_Easy */,
				9DBBB86D257B6552001F65BB /* Products */,
			);
			sourceTree = "<group>";
		};
		9DBBB86D257B6552001F65BB /* Products */ = {
			isa = PBXGroup;
			children = (
				9DBBB86C257B6552001F65BB /* Med_Easy.app */,
			);
			name = Products;
			sourceTree = "<group>";
		};
		9DBBB86E257B6552001F65BB /* Med_Easy */ = {
			isa = PBXGroup;
			children = (
				9DBBB88C257B6837001F65BB /* Extensions */,
				9DBBB887257B67AE001F65BB /* Managers */,
				9DBBB86F257B6552001F65BB /* AppDelegate.swift */,
				9DBBB871257B6552001F65BB /* SceneDelegate.swift */,
				9DBBB873257B6552001F65BB /* ContentView.swift */,
				9DBBB878257B6553001F65BB /* Assets.xcassets */,
				9DBBB87D257B6553001F65BB /* LaunchScreen.storyboard */,
				9DBBB880257B6553001F65BB /* Info.plist */,
				9DBBB875257B6552001F65BB /* Med_Easy.xcdatamodeld */,
				9DBBB87A257B6553001F65BB /* Preview Content */,
			);
			path = Med_Easy;
			sourceTree = "<group>";
		};
		9DBBB87A257B6553001F65BB /* Preview Content */ = {
			isa = PBXGroup;
			children = (
				9DBBB87B257B6553001F65BB /* Preview Assets.xcassets */,
			);
			path = "Preview Content";
			sourceTree = "<group>";
		};
		9DBBB887257B67AE001F65BB /* Managers */ = {
			isa = PBXGroup;
			children = (
				9DBBB888257B67CF001F65BB /* datamanager.swift */,
			);
			path = Managers;
			sourceTree = "<group>";
		};
		9DBBB88C257B6837001F65BB /* Extensions */ = {
			isa = PBXGroup;
			children = (
				9DBBB88D257B685D001F65BB /* NSManagesContext_Extensions.swift */,
			);
			path = Extensions;
			sourceTree = "<group>";
		};
/* End PBXGroup section */

/* Begin PBXNativeTarget section */
		9DBBB86B257B6552001F65BB /* Med_Easy */ = {
			isa = PBXNativeTarget;
			buildConfigurationList = 9DBBB883257B6553001F65BB /* Build configuration list for PBXNativeTarget "Med_Easy" */;
			buildPhases = (
				9DBBB868257B6552001F65BB /* Sources */,
				9DBBB869257B6552001F65BB /* Frameworks */,
				9DBBB86A257B6552001F65BB /* Resources */,
			);
			buildRules = (
			);
			dependencies = (
			);
			name = Med_Easy;
			productName = Med_Easy;
			productReference = 9DBBB86C257B6552001F65BB /* Med_Easy.app */;
			productType = "com.apple.product-type.application";
		};
/* End PBXNativeTarget section */

/* Begin PBXProject section */
		9DBBB864257B6552001F65BB /* Project object */ = {
			isa = PBXProject;
			attributes = {
				LastSwiftUpdateCheck = 1220;
				LastUpgradeCheck = 1220;
				TargetAttributes = {
					9DBBB86B257B6552001F65BB = {
						CreatedOnToolsVersion = 12.2;
					};
				};
			};
			buildConfigurationList = 9DBBB867257B6552001F65BB /* Build configuration list for PBXProject "Med_Easy" */;
			compatibilityVersion = "Xcode 9.3";
			developmentRegion = en;
			hasScannedForEncodings = 0;
			knownRegions = (
				en,
				Base,
			);
			mainGroup = 9DBBB863257B6552001F65BB;
			productRefGroup = 9DBBB86D257B6552001F65BB /* Products */;
			projectDirPath = "";
			projectRoot = "";
			targets = (
				9DBBB86B257B6552001F65BB /* Med_Easy */,
			);
		};
/* End PBXProject section */

/* Begin PBXResourcesBuildPhase section */
		9DBBB86A257B6552001F65BB /* Resources */ = {
			isa = PBXResourcesBuildPhase;
			buildActionMask = 2147483647;
			files = (
				9DBBB87F257B6553001F65BB /* LaunchScreen.storyboard in Resources */,
				9DBBB87C257B6553001F65BB /* Preview Assets.xcassets in Resources */,
				9DBBB879257B6553001F65BB /* Assets.xcassets in Resources */,
			);
			runOnlyForDeploymentPostprocessing = 0;
		};
/* End PBXResourcesBuildPhase section */

/* Begin PBXSourcesBuildPhase section */
		9DBBB868257B6552001F65BB /* Sources */ = {
			isa = PBXSourcesBuildPhase;
			buildActionMask = 2147483647;
			files = (
				9DBBB889257B67CF001F65BB /* datamanager.swift in Sources */,
				9DBBB877257B6552001F65BB /* Med_Easy.xcdatamodeld in Sources */,
				9DBBB870257B6552001F65BB /* AppDelegate.swift in Sources */,
				9DBBB872257B6552001F65BB /* SceneDelegate.swift in Sources */,
				9DBBB874257B6552001F65BB /* ContentView.swift in Sources */,
				9DBBB88E257B685D001F65BB /* NSManagesContext_Extensions.swift in Sources */,
			);
			runOnlyForDeploymentPostprocessing = 0;
		};
/* End PBXSourcesBuildPhase section */

/* Begin PBXVariantGroup section */
		9DBBB87D257B6553001F65BB /* LaunchScreen.storyboard */ = {
			isa = PBXVariantGroup;
			children = (
				9DBBB87E257B6553001F65BB /* Base */,
			);
			name = LaunchScreen.storyboard;
			sourceTree = "<group>";
		};
/* End PBXVariantGroup section */

/* Begin XCBuildConfiguration section */
		9DBBB881257B6553001F65BB /* Debug */ = {
			isa = XCBuildConfiguration;
			buildSettings = {
				ALWAYS_SEARCH_USER_PATHS = NO;
				CLANG_ANALYZER_NONNULL = YES;
				CLANG_ANALYZER_NUMBER_OBJECT_CONVERSION = YES_AGGRESSIVE;
				CLANG_CXX_LANGUAGE_STANDARD = "gnu++14";
				CLANG_CXX_LIBRARY = "libc++";
				CLANG_ENABLE_MODULES = YES;
				CLANG_ENABLE_OBJC_ARC = YES;
				CLANG_ENABLE_OBJC_WEAK = YES;
				CLANG_WARN_BLOCK_CAPTURE_AUTORELEASING = YES;
				CLANG_WARN_BOOL_CONVERSION = YES;
				CLANG_WARN_COMMA = YES;
				CLANG_WARN_CONSTANT_CONVERSION = YES;
				CLANG_WARN_DEPRECATED_OBJC_IMPLEMENTATIONS = YES;
				CLANG_WARN_DIRECT_OBJC_ISA_USAGE = YES_ERROR;
				CLANG_WARN_DOCUMENTATION_COMMENTS = YES;
				CLANG_WARN_EMPTY_BODY = YES;
				CLANG_WARN_ENUM_CONVERSION = YES;
				CLANG_WARN_INFINITE_RECURSION = YES;
				CLANG_WARN_INT_CONVERSION = YES;
				CLANG_WARN_NON_LITERAL_NULL_CONVERSION = YES;
				CLANG_WARN_OBJC_IMPLICIT_RETAIN_SELF = YES;
				CLANG_WARN_OBJC_LITERAL_CONVERSION = YES;
				CLANG_WARN_OBJC_ROOT_CLASS = YES_ERROR;
				CLANG_WARN_QUOTED_INCLUDE_IN_FRAMEWORK_HEADER = YES;
				CLANG_WARN_RANGE_LOOP_ANALYSIS = YES;
				CLANG_WARN_STRICT_PROTOTYPES = YES;
				CLANG_WARN_SUSPICIOUS_MOVE = YES;
				CLANG_WARN_UNGUARDED_AVAILABILITY = YES_AGGRESSIVE;
				CLANG_WARN_UNREACHABLE_CODE = YES;
				CLANG_WARN__DUPLICATE_METHOD_MATCH = YES;
				COPY_PHASE_STRIP = NO;
				DEBUG_INFORMATION_FORMAT = dwarf;
				ENABLE_STRICT_OBJC_MSGSEND = YES;
				ENABLE_TESTABILITY = YES;
				GCC_C_LANGUAGE_STANDARD = gnu11;
				GCC_DYNAMIC_NO_PIC = NO;
				GCC_NO_COMMON_BLOCKS = YES;
				GCC_OPTIMIZATION_LEVEL = 0;
				GCC_PREPROCESSOR_DEFINITIONS = (
					"DEBUG=1",
					"$(inherited)",
				);
				GCC_WARN_64_TO_32_BIT_CONVERSION = YES;
				GCC_WARN_ABOUT_RETURN_TYPE = YES_ERROR;
				GCC_WARN_UNDECLARED_SELECTOR = YES;
				GCC_WARN_UNINITIALIZED_AUTOS = YES_AGGRESSIVE;
				GCC_WARN_UNUSED_FUNCTION = YES;
				GCC_WARN_UNUSED_VARIABLE = YES;
				IPHONEOS_DEPLOYMENT_TARGET = 14.2;
				MTL_ENABLE_DEBUG_INFO = INCLUDE_SOURCE;
				MTL_FAST_MATH = YES;
				ONLY_ACTIVE_ARCH = YES;
				SDKROOT = iphoneos;
				SWIFT_ACTIVE_COMPILATION_CONDITIONS = DEBUG;
				SWIFT_OPTIMIZATION_LEVEL = "-Onone";
			};
			name = Debug;
		};
		9DBBB882257B6553001F65BB /* Release */ = {
			isa = XCBuildConfiguration;
			buildSettings = {
				ALWAYS_SEARCH_USER_PATHS = NO;
				CLANG_ANALYZER_NONNULL = YES;
				CLANG_ANALYZER_NUMBER_OBJECT_CONVERSION = YES_AGGRESSIVE;
				CLANG_CXX_LANGUAGE_STANDARD = "gnu++14";
				CLANG_CXX_LIBRARY = "libc++";
				CLANG_ENABLE_MODULES = YES;
				CLANG_ENABLE_OBJC_ARC = YES;
				CLANG_ENABLE_OBJC_WEAK = YES;
				CLANG_WARN_BLOCK_CAPTURE_AUTORELEASING = YES;
				CLANG_WARN_BOOL_CONVERSION = YES;
				CLANG_WARN_COMMA = YES;
				CLANG_WARN_CONSTANT_CONVERSION = YES;
				CLANG_WARN_DEPRECATED_OBJC_IMPLEMENTATIONS = YES;
				CLANG_WARN_DIRECT_OBJC_ISA_USAGE = YES_ERROR;
				CLANG_WARN_DOCUMENTATION_COMMENTS = YES;
				CLANG_WARN_EMPTY_BODY = YES;
				CLANG_WARN_ENUM_CONVERSION = YES;
				CLANG_WARN_INFINITE_RECURSION = YES;
				CLANG_WARN_INT_CONVERSION = YES;
				CLANG_WARN_NON_LITERAL_NULL_CONVERSION = YES;
				CLANG_WARN_OBJC_IMPLICIT_RETAIN_SELF = YES;
				CLANG_WARN_OBJC_LITERAL_CONVERSION = YES;
				CLANG_WARN_OBJC_ROOT_CLASS = YES_ERROR;
				CLANG_WARN_QUOTED_INCLUDE_IN_FRAMEWORK_HEADER = YES;
				CLANG_WARN_RANGE_LOOP_ANALYSIS = YES;
				CLANG_WARN_STRICT_PROTOTYPES = YES;
				CLANG_WARN_SUSPICIOUS_MOVE = YES;
				CLANG_WARN_UNGUARDED_AVAILABILITY = YES_AGGRESSIVE;
				CLANG_WARN_UNREACHABLE_CODE = YES;
				CLANG_WARN__DUPLICATE_METHOD_MATCH = YES;
				COPY_PHASE_STRIP = NO;
				DEBUG_INFORMATION_FORMAT = "dwarf-with-dsym";
				ENABLE_NS_ASSERTIONS = NO;
				ENABLE_STRICT_OBJC_MSGSEND = YES;
				GCC_C_LANGUAGE_STANDARD = gnu11;
				GCC_NO_COMMON_BLOCKS = YES;
				GCC_WARN_64_TO_32_BIT_CONVERSION = YES;
				GCC_WARN_ABOUT_RETURN_TYPE = YES_ERROR;
				GCC_WARN_UNDECLARED_SELECTOR = YES;
				GCC_WARN_UNINITIALIZED_AUTOS = YES_AGGRESSIVE;
				GCC_WARN_UNUSED_FUNCTION = YES;
				GCC_WARN_UNUSED_VARIABLE = YES;
				IPHONEOS_DEPLOYMENT_TARGET = 14.2;
				MTL_ENABLE_DEBUG_INFO = NO;
				MTL_FAST_MATH = YES;
				SDKROOT = iphoneos;
				SWIFT_COMPILATION_MODE = wholemodule;
				SWIFT_OPTIMIZATION_LEVEL = "-O";
				VALIDATE_PRODUCT = YES;
			};
			name = Release;
		};
		9DBBB884257B6553001F65BB /* Debug */ = {
			isa = XCBuildConfiguration;
			buildSettings = {
				ASSETCATALOG_COMPILER_APPICON_NAME = AppIcon;
				ASSETCATALOG_COMPILER_GLOBAL_ACCENT_COLOR_NAME = AccentColor;
				CODE_SIGN_STYLE = Automatic;
				DEVELOPMENT_ASSET_PATHS = "\"Med_Easy/Preview Content\"";
				DEVELOPMENT_TEAM = DSXLT6URK6;
				ENABLE_PREVIEWS = YES;
				INFOPLIST_FILE = Med_Easy/Info.plist;
				LD_RUNPATH_SEARCH_PATHS = (
					"$(inherited)",
					"@executable_path/Frameworks",
				);
				PRODUCT_BUNDLE_IDENTIFIER = "szs0177.Med-Easy";
				PRODUCT_NAME = "$(TARGET_NAME)";
				SWIFT_VERSION = 5.0;
				TARGETED_DEVICE_FAMILY = "1,2";
			};
			name = Debug;
		};
		9DBBB885257B6553001F65BB /* Release */ = {
			isa = XCBuildConfiguration;
			buildSettings = {
				ASSETCATALOG_COMPILER_APPICON_NAME = AppIcon;
				ASSETCATALOG_COMPILER_GLOBAL_ACCENT_COLOR_NAME = AccentColor;
				CODE_SIGN_STYLE = Automatic;
				DEVELOPMENT_ASSET_PATHS = "\"Med_Easy/Preview Content\"";
				DEVELOPMENT_TEAM = DSXLT6URK6;
				ENABLE_PREVIEWS = YES;
				INFOPLIST_FILE = Med_Easy/Info.plist;
				LD_RUNPATH_SEARCH_PATHS = (
					"$(inherited)",
					"@executable_path/Frameworks",
				);
				PRODUCT_BUNDLE_IDENTIFIER = "szs0177.Med-Easy";
				PRODUCT_NAME = "$(TARGET_NAME)";
				SWIFT_VERSION = 5.0;
				TARGETED_DEVICE_FAMILY = "1,2";
			};
			name = Release;
		};
/* End XCBuildConfiguration section */

/* Begin XCConfigurationList section */
		9DBBB867257B6552001F65BB /* Build configuration list for PBXProject "Med_Easy" */ = {
			isa = XCConfigurationList;
			buildConfigurations = (
				9DBBB881257B6553001F65BB /* Debug */,
				9DBBB882257B6553001F65BB /* Release */,
			);
			defaultConfigurationIsVisible = 0;
			defaultConfigurationName = Release;
		};
		9DBBB883257B6553001F65BB /* Build configuration list for PBXNativeTarget "Med_Easy" */ = {
			isa = XCConfigurationList;
			buildConfigurations = (
				9DBBB884257B6553001F65BB /* Debug */,
				9DBBB885257B6553001F65BB /* Release */,
			);
			defaultConfigurationIsVisible = 0;
			defaultConfigurationName = Release;
		};
/* End XCConfigurationList section */

/* Begin XCVersionGroup section */
		9DBBB875257B6552001F65BB /* Med_Easy.xcdatamodeld */ = {
			isa = XCVersionGroup;
			children = (
				9DBBB876257B6552001F65BB /* Med_Easy.xcdatamodel */,
			);
			currentVersion = 9DBBB876257B6552001F65BB /* Med_Easy.xcdatamodel */;
			path = Med_Easy.xcdatamodeld;
			sourceTree = "<group>";
			versionGroupType = wrapper.xcdatamodel;
		};
/* End XCVersionGroup section */
	};
	rootObject = 9DBBB864257B6552001F65BB /* Project object */;
}
